
Microsoft Visual Studio Solution File, Format Version 12.00
# Visual Studio Version 17
VisualStudioVersion = 17.1.32319.34
MinimumVisualStudioVersion = 10.0.40219.1
Project("{FAE04EC0-301F-11D3-BF4B-00C04F79EFBC}") = "singly_linked_list", "singly_linked_list\singly_linked_list.csproj", "{A53D7968-B8E0-4BBC-87DE-4CD2AB093D76}"
EndProject
Global
	GlobalSection(SolutionConfigurationPlatforms) = preSolution
		Debug|Any CPU = Debug|Any CPU
		Release|Any CPU = Release|Any CPU
	EndGlobalSection
	GlobalSection(ProjectConfigurationPlatforms) = postSolution
		{A53D7968-B8E0-4BBC-87DE-4CD2AB093D76}.Debug|Any CPU.ActiveCfg = Debug|Any CPU
		{A53D7968-B8E0-4BBC-87DE-4CD2AB093D76}.Debug|Any CPU.Build.0 = Debug|Any CPU
		{A53D7968-B8E0-4BBC-87DE-4CD2AB093D76}.Release|Any CPU.ActiveCfg = Release|Any CPU
		{A53D7968-B8E0-4BBC-87DE-4CD2AB093D76}.Release|Any CPU.Build.0 = Release|Any CPU
	EndGlobalSection
	GlobalSection(SolutionProperties) = preSolution
		HideSolutionNode = FALSE
	EndGlobalSection
	GlobalSection(ExtensibilityGlobals) = postSolution
		SolutionGuid = {1885335F-2581-4760-A660-37651A0E7522}
	EndGlobalSection
EndGlobal
